Microsoft Visual Studio Solution File, Format Version 12.00
# Visual Studio Version 17
VisualStudioVersion = 17.5.2.0
MinimumVisualStudioVersion = 10.0.40219.1
Project("{FAE04EC0-301F-11D3-BF4B-00C04F79EFBC}") = "FuelUp.Notify", "FuelUp.Notify.csproj", "{AE47E875-D12D-627D-E62E-6F74DBF997B8}"
EndProject
Global
	GlobalSection(SolutionConfigurationPlatforms) = preSolution
		Debug|Any CPU = Debug|Any CPU
		Release|Any CPU = Release|Any CPU
	EndGlobalSection
	GlobalSection(ProjectConfigurationPlatforms) = postSolution
		{AE47E875-D12D-627D-E62E-6F74DBF997B8}.Debug|Any CPU.ActiveCfg = Debug|Any CPU
		{AE47E875-D12D-627D-E62E-6F74DBF997B8}.Debug|Any CPU.Build.0 = Debug|Any CPU
		{AE47E875-D12D-627D-E62E-6F74DBF997B8}.Release|Any CPU.ActiveCfg = Release|Any CPU
		{AE47E875-D12D-627D-E62E-6F74DBF997B8}.Release|Any CPU.Build.0 = Release|Any CPU
	EndGlobalSection
	GlobalSection(SolutionProperties) = preSolution
		HideSolutionNode = FALSE
	EndGlobalSection
	GlobalSection(ExtensibilityGlobals) = postSolution
		SolutionGuid = {A68BEFA6-634A-4EC9-9858-DC0B7645E730}
	EndGlobalSection
EndGlobal
